
Microsoft Visual Studio Solution File, Format Version 12.00
# Visual Studio 15
VisualStudioVersion = 15.0.26430.16
MinimumVisualStudioVersion = 10.0.40219.1
Project("{FAE04EC0-301F-11D3-BF4B-00C04F79EFBC}") = "DataLayer", "DataLayer\DataLayer.csproj", "{AE492447-1971-4A32-8A43-09D01D4BFFED}"
EndProject
Project("{FAE04EC0-301F-11D3-BF4B-00C04F79EFBC}") = "ValidationRules", "ValidationRules\ValidationRules.csproj", "{AA9774F1-BB1B-4649-BEB4-76C8BF40418C}"
EndProject
Project("{2150E333-8FDC-42A3-9474-1A3956D46DE8}") = "UnitTests", "UnitTests", "{D864C9A1-E583-4D3A-A6D5-907FF5DCE48A}"
EndProject
Project("{FAE04EC0-301F-11D3-BF4B-00C04F79EFBC}") = "DataLayerTests", "DataLayerTests\DataLayerTests.csproj", "{76EBE7B9-EB8C-401E-8BCB-3AFB779607F8}"
EndProject
Global
	GlobalSection(SolutionConfigurationPlatforms) = preSolution
		Debug|Any CPU = Debug|Any CPU
		Release|Any CPU = Release|Any CPU
	EndGlobalSection
	GlobalSection(ProjectConfigurationPlatforms) = postSolution
		{AE492447-1971-4A32-8A43-09D01D4BFFED}.Debug|Any CPU.ActiveCfg = Debug|Any CPU
		{AE492447-1971-4A32-8A43-09D01D4BFFED}.Debug|Any CPU.Build.0 = Debug|Any CPU
		{AE492447-1971-4A32-8A43-09D01D4BFFED}.Release|Any CPU.ActiveCfg = Release|Any CPU
		{AE492447-1971-4A32-8A43-09D01D4BFFED}.Release|Any CPU.Build.0 = Release|Any CPU
		{AA9774F1-BB1B-4649-BEB4-76C8BF40418C}.Debug|Any CPU.ActiveCfg = Debug|Any CPU
		{AA9774F1-BB1B-4649-BEB4-76C8BF40418C}.Debug|Any CPU.Build.0 = Debug|Any CPU
		{AA9774F1-BB1B-4649-BEB4-76C8BF40418C}.Release|Any CPU.ActiveCfg = Release|Any CPU
		{AA9774F1-BB1B-4649-BEB4-76C8BF40418C}.Release|Any CPU.Build.0 = Release|Any CPU
		{76EBE7B9-EB8C-401E-8BCB-3AFB779607F8}.Debug|Any CPU.ActiveCfg = Debug|Any CPU
		{76EBE7B9-EB8C-401E-8BCB-3AFB779607F8}.Debug|Any CPU.Build.0 = Debug|Any CPU
		{76EBE7B9-EB8C-401E-8BCB-3AFB779607F8}.Release|Any CPU.ActiveCfg = Release|Any CPU
		{76EBE7B9-EB8C-401E-8BCB-3AFB779607F8}.Release|Any CPU.Build.0 = Release|Any CPU
	EndGlobalSection
	GlobalSection(SolutionProperties) = preSolution
		HideSolutionNode = FALSE
	EndGlobalSection
	GlobalSection(NestedProjects) = preSolution
		{76EBE7B9-EB8C-401E-8BCB-3AFB779607F8} = {D864C9A1-E583-4D3A-A6D5-907FF5DCE48A}
	EndGlobalSection
EndGlobal
